
Microsoft Visual Studio Solution File, Format Version 12.00
# Visual Studio Version 16
VisualStudioVersion = 16.0.28711.60
MinimumVisualStudioVersion = 10.0.40219.1
Project("{9A19103F-16F7-4668-BE54-9A1E7A4F7556}") = "WebApplication4", "WebApplication4\WebApplication4.csproj", "{86E5F979-4B26-4A79-9C70-70BBAD7389DF}"
EndProject
Project("{9A19103F-16F7-4668-BE54-9A1E7A4F7556}") = "Api", "Api\Api.csproj", "{39BD370A-99B5-4D3B-8DB2-34A8EA2149EC}"
EndProject
Project("{9A19103F-16F7-4668-BE54-9A1E7A4F7556}") = "Client", "Client\Client.csproj", "{10362DC7-5DCF-4811-91F1-5DF1852C7DB8}"
EndProject
Project("{9A19103F-16F7-4668-BE54-9A1E7A4F7556}") = "ResourceOwnerPassword", "ResourceOwnerPassword\ResourceOwnerPassword.csproj", "{B99BDB73-E69E-47C7-AB38-FA27FB4A2D5E}"
EndProject
Project("{9A19103F-16F7-4668-BE54-9A1E7A4F7556}") = "MVCClient", "MVCClient\MVCClient.csproj", "{4E611982-926B-408C-B8C6-82E0AE283094}"
EndProject
Project("{FAE04EC0-301F-11D3-BF4B-00C04F79EFBC}") = "反射委托", "反射委托\反射委托.csproj", "{91F95B2B-31D4-4460-97F2-1881EB028EB7}"
EndProject
Global
	GlobalSection(SolutionConfigurationPlatforms) = preSolution
		Debug|Any CPU = Debug|Any CPU
		Release|Any CPU = Release|Any CPU
	EndGlobalSection
	GlobalSection(ProjectConfigurationPlatforms) = postSolution
		{86E5F979-4B26-4A79-9C70-70BBAD7389DF}.Debug|Any CPU.ActiveCfg = Debug|Any CPU
		{86E5F979-4B26-4A79-9C70-70BBAD7389DF}.Debug|Any CPU.Build.0 = Debug|Any CPU
		{86E5F979-4B26-4A79-9C70-70BBAD7389DF}.Release|Any CPU.ActiveCfg = Release|Any CPU
		{86E5F979-4B26-4A79-9C70-70BBAD7389DF}.Release|Any CPU.Build.0 = Release|Any CPU
		{39BD370A-99B5-4D3B-8DB2-34A8EA2149EC}.Debug|Any CPU.ActiveCfg = Debug|Any CPU
		{39BD370A-99B5-4D3B-8DB2-34A8EA2149EC}.Debug|Any CPU.Build.0 = Debug|Any CPU
		{39BD370A-99B5-4D3B-8DB2-34A8EA2149EC}.Release|Any CPU.ActiveCfg = Release|Any CPU
		{39BD370A-99B5-4D3B-8DB2-34A8EA2149EC}.Release|Any CPU.Build.0 = Release|Any CPU
		{10362DC7-5DCF-4811-91F1-5DF1852C7DB8}.Debug|Any CPU.ActiveCfg = Debug|Any CPU
		{10362DC7-5DCF-4811-91F1-5DF1852C7DB8}.Debug|Any CPU.Build.0 = Debug|Any CPU
		{10362DC7-5DCF-4811-91F1-5DF1852C7DB8}.Release|Any CPU.ActiveCfg = Release|Any CPU
		{10362DC7-5DCF-4811-91F1-5DF1852C7DB8}.Release|Any CPU.Build.0 = Release|Any CPU
		{B99BDB73-E69E-47C7-AB38-FA27FB4A2D5E}.Debug|Any CPU.ActiveCfg = Debug|Any CPU
		{B99BDB73-E69E-47C7-AB38-FA27FB4A2D5E}.Debug|Any CPU.Build.0 = Debug|Any CPU
		{B99BDB73-E69E-47C7-AB38-FA27FB4A2D5E}.Release|Any CPU.ActiveCfg = Release|Any CPU
		{B99BDB73-E69E-47C7-AB38-FA27FB4A2D5E}.Release|Any CPU.Build.0 = Release|Any CPU
		{4E611982-926B-408C-B8C6-82E0AE283094}.Debug|Any CPU.ActiveCfg = Debug|Any CPU
		{4E611982-926B-408C-B8C6-82E0AE283094}.Debug|Any CPU.Build.0 = Debug|Any CPU
		{4E611982-926B-408C-B8C6-82E0AE283094}.Release|Any CPU.ActiveCfg = Release|Any CPU
		{4E611982-926B-408C-B8C6-82E0AE283094}.Release|Any CPU.Build.0 = Release|Any CPU
		{91F95B2B-31D4-4460-97F2-1881EB028EB7}.Debug|Any CPU.ActiveCfg = Debug|Any CPU
		{91F95B2B-31D4-4460-97F2-1881EB028EB7}.Debug|Any CPU.Build.0 = Debug|Any CPU
		{91F95B2B-31D4-4460-97F2-1881EB028EB7}.Release|Any CPU.ActiveCfg = Release|Any CPU
		{91F95B2B-31D4-4460-97F2-1881EB028EB7}.Release|Any CPU.Build.0 = Release|Any CPU
	EndGlobalSection
	GlobalSection(SolutionProperties) = preSolution
		HideSolutionNode = FALSE
	EndGlobalSection
	GlobalSection(ExtensibilityGlobals) = postSolution
		SolutionGuid = {5A0E8ADE-4AB2-459C-B820-0F43F2508094}
	EndGlobalSection
EndGlobal
